
Microsoft Visual Studio Solution File, Format Version 12.00
# Visual Studio Version 17
VisualStudioVersion = 17.1.32210.238
MinimumVisualStudioVersion = 10.0.40219.1
Project("{9A19103F-16F7-4668-BE54-9A1E7A4F7556}") = "ECommerce", "ECommerce\ECommerce.csproj", "{9762FC8B-5C0A-4244-B6BD-CE1CAEE1E143}"
EndProject
Project("{E53339B2-1760-4266-BCC7-CA923CBCF16C}") = "docker-compose", "docker-compose.dcproj", "{12ABA395-3F45-41DD-B890-47B930E26EBE}"
EndProject
Global
	GlobalSection(SolutionConfigurationPlatforms) = preSolution
		Debug|Any CPU = Debug|Any CPU
		Release|Any CPU = Release|Any CPU
	EndGlobalSection
	GlobalSection(ProjectConfigurationPlatforms) = postSolution
		{9762FC8B-5C0A-4244-B6BD-CE1CAEE1E143}.Debug|Any CPU.ActiveCfg = Debug|Any CPU
		{9762FC8B-5C0A-4244-B6BD-CE1CAEE1E143}.Debug|Any CPU.Build.0 = Debug|Any CPU
		{9762FC8B-5C0A-4244-B6BD-CE1CAEE1E143}.Release|Any CPU.ActiveCfg = Release|Any CPU
		{9762FC8B-5C0A-4244-B6BD-CE1CAEE1E143}.Release|Any CPU.Build.0 = Release|Any CPU
		{12ABA395-3F45-41DD-B890-47B930E26EBE}.Debug|Any CPU.ActiveCfg = Debug|Any CPU
		{12ABA395-3F45-41DD-B890-47B930E26EBE}.Debug|Any CPU.Build.0 = Debug|Any CPU
		{12ABA395-3F45-41DD-B890-47B930E26EBE}.Release|Any CPU.ActiveCfg = Release|Any CPU
		{12ABA395-3F45-41DD-B890-47B930E26EBE}.Release|Any CPU.Build.0 = Release|Any CPU
	EndGlobalSection
	GlobalSection(SolutionProperties) = preSolution
		HideSolutionNode = FALSE
	EndGlobalSection
	GlobalSection(ExtensibilityGlobals) = postSolution
		SolutionGuid = {24F91CE8-E0A9-45FA-BF96-5A56ACB3CCBF}
	EndGlobalSection
EndGlobal
